
Microsoft Visual Studio Solution File, Format Version 12.00
# Visual Studio Version 17
VisualStudioVersion = 17.9.34902.65
MinimumVisualStudioVersion = 10.0.40219.1
Project("{FAE04EC0-301F-11D3-BF4B-00C04F79EFBC}") = "TaskManager.Domain", "TaskManager.Domain\TaskManager.Domain.csproj", "{A2A9887C-CD20-400D-A5DE-3070F90EA89B}"
EndProject
Project("{FAE04EC0-301F-11D3-BF4B-00C04F79EFBC}") = "TaskManager.DataAccess", "TaskManager.DataAccess\TaskManager.DataAccess.csproj", "{3457DAB0-8013-43D6-A22B-8A96C51F233F}"
EndProject
Project("{FAE04EC0-301F-11D3-BF4B-00C04F79EFBC}") = "TaskManager.BusinessLogic", "TaskManager.BusinessLogic\TaskManager.BusinessLogic.csproj", "{08B34329-E40E-4B9C-91F6-B979DA3765F3}"
EndProject
Project("{FAE04EC0-301F-11D3-BF4B-00C04F79EFBC}") = "TaskManager.Web", "TaskManager.Web\TaskManager.Web.csproj", "{0567F16E-9D94-4168-91A0-07BE7F86E967}"
EndProject
Global
	GlobalSection(SolutionConfigurationPlatforms) = preSolution
		Debug|Any CPU = Debug|Any CPU
		Release|Any CPU = Release|Any CPU
	EndGlobalSection
	GlobalSection(ProjectConfigurationPlatforms) = postSolution
		{A2A9887C-CD20-400D-A5DE-3070F90EA89B}.Debug|Any CPU.ActiveCfg = Debug|Any CPU
		{A2A9887C-CD20-400D-A5DE-3070F90EA89B}.Debug|Any CPU.Build.0 = Debug|Any CPU
		{A2A9887C-CD20-400D-A5DE-3070F90EA89B}.Release|Any CPU.ActiveCfg = Release|Any CPU
		{A2A9887C-CD20-400D-A5DE-3070F90EA89B}.Release|Any CPU.Build.0 = Release|Any CPU
		{3457DAB0-8013-43D6-A22B-8A96C51F233F}.Debug|Any CPU.ActiveCfg = Debug|Any CPU
		{3457DAB0-8013-43D6-A22B-8A96C51F233F}.Debug|Any CPU.Build.0 = Debug|Any CPU
		{3457DAB0-8013-43D6-A22B-8A96C51F233F}.Release|Any CPU.ActiveCfg = Release|Any CPU
		{3457DAB0-8013-43D6-A22B-8A96C51F233F}.Release|Any CPU.Build.0 = Release|Any CPU
		{08B34329-E40E-4B9C-91F6-B979DA3765F3}.Debug|Any CPU.ActiveCfg = Debug|Any CPU
		{08B34329-E40E-4B9C-91F6-B979DA3765F3}.Debug|Any CPU.Build.0 = Debug|Any CPU
		{08B34329-E40E-4B9C-91F6-B979DA3765F3}.Release|Any CPU.ActiveCfg = Release|Any CPU
		{08B34329-E40E-4B9C-91F6-B979DA3765F3}.Release|Any CPU.Build.0 = Release|Any CPU
		{0567F16E-9D94-4168-91A0-07BE7F86E967}.Debug|Any CPU.ActiveCfg = Debug|Any CPU
		{0567F16E-9D94-4168-91A0-07BE7F86E967}.Debug|Any CPU.Build.0 = Debug|Any CPU
		{0567F16E-9D94-4168-91A0-07BE7F86E967}.Release|Any CPU.ActiveCfg = Release|Any CPU
		{0567F16E-9D94-4168-91A0-07BE7F86E967}.Release|Any CPU.Build.0 = Release|Any CPU
	EndGlobalSection
	GlobalSection(SolutionProperties) = preSolution
		HideSolutionNode = FALSE
	EndGlobalSection
	GlobalSection(ExtensibilityGlobals) = postSolution
		SolutionGuid = {2B259E05-7413-4829-8993-0D542B39E833}
	EndGlobalSection
EndGlobal
