
Microsoft Visual Studio Solution File, Format Version 12.00
# Visual Studio Version 17
VisualStudioVersion = 17.14.36327.8 d17.14
MinimumVisualStudioVersion = 10.0.40219.1
Project("{FAE04EC0-301F-11D3-BF4B-00C04F79EFBC}") = "RestaurantService.API", "RestaurantService\RestaurantService.API.csproj", "{C3D1E0DE-F74E-416B-8106-E247DBB28C1B}"
EndProject
Project("{FAE04EC0-301F-11D3-BF4B-00C04F79EFBC}") = "OrderService.API", "OrderService\OrderService.API.csproj", "{936C616F-5F4F-4FF8-93D6-E5F60982EA64}"
EndProject
Project("{FAE04EC0-301F-11D3-BF4B-00C04F79EFBC}") = "UserService.API", "UserService.API\UserService.API.csproj", "{2C079900-79DA-494F-BC6C-71077BD9CFEB}"
EndProject
Project("{FAE04EC0-301F-11D3-BF4B-00C04F79EFBC}") = "PaymentService.API", "PaymentService.API\PaymentService.API.csproj", "{17153E10-5E82-4E71-B077-016EDEEE4369}"
EndProject
Global
	GlobalSection(SolutionConfigurationPlatforms) = preSolution
		Debug|Any CPU = Debug|Any CPU
		Release|Any CPU = Release|Any CPU
	EndGlobalSection
	GlobalSection(ProjectConfigurationPlatforms) = postSolution
		{C3D1E0DE-F74E-416B-8106-E247DBB28C1B}.Debug|Any CPU.ActiveCfg = Debug|Any CPU
		{C3D1E0DE-F74E-416B-8106-E247DBB28C1B}.Debug|Any CPU.Build.0 = Debug|Any CPU
		{C3D1E0DE-F74E-416B-8106-E247DBB28C1B}.Release|Any CPU.ActiveCfg = Release|Any CPU
		{C3D1E0DE-F74E-416B-8106-E247DBB28C1B}.Release|Any CPU.Build.0 = Release|Any CPU
		{936C616F-5F4F-4FF8-93D6-E5F60982EA64}.Debug|Any CPU.ActiveCfg = Debug|Any CPU
		{936C616F-5F4F-4FF8-93D6-E5F60982EA64}.Debug|Any CPU.Build.0 = Debug|Any CPU
		{936C616F-5F4F-4FF8-93D6-E5F60982EA64}.Release|Any CPU.ActiveCfg = Release|Any CPU
		{936C616F-5F4F-4FF8-93D6-E5F60982EA64}.Release|Any CPU.Build.0 = Release|Any CPU
		{2C079900-79DA-494F-BC6C-71077BD9CFEB}.Debug|Any CPU.ActiveCfg = Debug|Any CPU
		{2C079900-79DA-494F-BC6C-71077BD9CFEB}.Debug|Any CPU.Build.0 = Debug|Any CPU
		{2C079900-79DA-494F-BC6C-71077BD9CFEB}.Release|Any CPU.ActiveCfg = Release|Any CPU
		{2C079900-79DA-494F-BC6C-71077BD9CFEB}.Release|Any CPU.Build.0 = Release|Any CPU
		{17153E10-5E82-4E71-B077-016EDEEE4369}.Debug|Any CPU.ActiveCfg = Debug|Any CPU
		{17153E10-5E82-4E71-B077-016EDEEE4369}.Debug|Any CPU.Build.0 = Debug|Any CPU
		{17153E10-5E82-4E71-B077-016EDEEE4369}.Release|Any CPU.ActiveCfg = Release|Any CPU
		{17153E10-5E82-4E71-B077-016EDEEE4369}.Release|Any CPU.Build.0 = Release|Any CPU
	EndGlobalSection
	GlobalSection(SolutionProperties) = preSolution
		HideSolutionNode = FALSE
	EndGlobalSection
	GlobalSection(ExtensibilityGlobals) = postSolution
		SolutionGuid = {B5DD4063-0259-4A0D-9AE6-9058C454B522}
	EndGlobalSection
EndGlobal
